
Microsoft Visual Studio Solution File, Format Version 12.00
# Visual Studio for Mac
Project("{FAE04EC0-301F-11D3-BF4B-00C04F79EFBC}") = "Assembly-CSharp", "Assembly-CSharp.csproj", "{0BF81A52-332A-5CC0-1D71-BD861A5D70FB}"
EndProject
Project("{FAE04EC0-301F-11D3-BF4B-00C04F79EFBC}") = "Assembly-CSharp-Editor", "Assembly-CSharp-Editor.csproj", "{9601D88A-B9B5-EC9F-5DDC-084B683AA709}"
EndProject
Global
	GlobalSection(SolutionConfigurationPlatforms) = preSolution
		Debug|Any CPU = Debug|Any CPU
		Release|Any CPU = Release|Any CPU
	EndGlobalSection
	GlobalSection(ProjectConfigurationPlatforms) = postSolution
		{0BF81A52-332A-5CC0-1D71-BD861A5D70FB}.Debug|Any CPU.ActiveCfg = Debug|Any CPU
		{0BF81A52-332A-5CC0-1D71-BD861A5D70FB}.Debug|Any CPU.Build.0 = Debug|Any CPU
		{0BF81A52-332A-5CC0-1D71-BD861A5D70FB}.Release|Any CPU.ActiveCfg = Release|Any CPU
		{0BF81A52-332A-5CC0-1D71-BD861A5D70FB}.Release|Any CPU.Build.0 = Release|Any CPU
		{9601D88A-B9B5-EC9F-5DDC-084B683AA709}.Debug|Any CPU.ActiveCfg = Debug|Any CPU
		{9601D88A-B9B5-EC9F-5DDC-084B683AA709}.Debug|Any CPU.Build.0 = Debug|Any CPU
		{9601D88A-B9B5-EC9F-5DDC-084B683AA709}.Release|Any CPU.ActiveCfg = Release|Any CPU
		{9601D88A-B9B5-EC9F-5DDC-084B683AA709}.Release|Any CPU.Build.0 = Release|Any CPU
	EndGlobalSection
	GlobalSection(SolutionProperties) = preSolution
		HideSolutionNode = FALSE
	EndGlobalSection
EndGlobal
